
Microsoft Visual Studio Solution File, Format Version 12.00
# Visual Studio 2012
Project("{FAE04EC0-301F-11D3-BF4B-00C04F79EFBC}") = "CSharp.Tricks", "CSharp.Tricks\CSharp.Tricks.csproj", "{5C4B38EE-741C-472C-AA47-B7D623B25E9D}"
EndProject
Global
	GlobalSection(SolutionConfigurationPlatforms) = preSolution
		Debug|Any CPU = Debug|Any CPU
		Release|Any CPU = Release|Any CPU
	EndGlobalSection
	GlobalSection(ProjectConfigurationPlatforms) = postSolution
		{5C4B38EE-741C-472C-AA47-B7D623B25E9D}.Debug|Any CPU.ActiveCfg = Debug|Any CPU
		{5C4B38EE-741C-472C-AA47-B7D623B25E9D}.Debug|Any CPU.Build.0 = Debug|Any CPU
		{5C4B38EE-741C-472C-AA47-B7D623B25E9D}.Release|Any CPU.ActiveCfg = Release|Any CPU
		{5C4B38EE-741C-472C-AA47-B7D623B25E9D}.Release|Any CPU.Build.0 = Release|Any CPU
	EndGlobalSection
	GlobalSection(SolutionProperties) = preSolution
		HideSolutionNode = FALSE
	EndGlobalSection
EndGlobal
